
Microsoft Visual Studio Solution File, Format Version 12.00
# Visual Studio Version 16
VisualStudioVersion = 16.0.29509.3
MinimumVisualStudioVersion = 10.0.40219.1
Project("{FAE04EC0-301F-11D3-BF4B-00C04F79EFBC}") = "K-Way_Merge", "K-Way_Merge\K-Way_Merge.csproj", "{40FBED38-29EC-447C-B142-3B678C289613}"
EndProject
Global
	GlobalSection(SolutionConfigurationPlatforms) = preSolution
		Debug|Any CPU = Debug|Any CPU
		Release|Any CPU = Release|Any CPU
	EndGlobalSection
	GlobalSection(ProjectConfigurationPlatforms) = postSolution
		{40FBED38-29EC-447C-B142-3B678C289613}.Debug|Any CPU.ActiveCfg = Debug|Any CPU
		{40FBED38-29EC-447C-B142-3B678C289613}.Debug|Any CPU.Build.0 = Debug|Any CPU
		{40FBED38-29EC-447C-B142-3B678C289613}.Release|Any CPU.ActiveCfg = Release|Any CPU
		{40FBED38-29EC-447C-B142-3B678C289613}.Release|Any CPU.Build.0 = Release|Any CPU
	EndGlobalSection
	GlobalSection(SolutionProperties) = preSolution
		HideSolutionNode = FALSE
	EndGlobalSection
	GlobalSection(ExtensibilityGlobals) = postSolution
		SolutionGuid = {3DC533F9-F50A-4C9D-BA4B-9982D598C3B2}
	EndGlobalSection
EndGlobal
