
Microsoft Visual Studio Solution File, Format Version 12.00
# Visual Studio Version 16
VisualStudioVersion = 16.0.29418.71
MinimumVisualStudioVersion = 10.0.40219.1
Project("{FAE04EC0-301F-11D3-BF4B-00C04F79EFBC}") = "Sorts", "Sorts\Sorts.csproj", "{1352203A-972B-4173-951C-1D5013351B46}"
EndProject
Project("{FAE04EC0-301F-11D3-BF4B-00C04F79EFBC}") = "SortTests", "SortTests\SortTests.csproj", "{72A56770-144C-4AB8-975B-1A92FC8A6A4F}"
EndProject
Global
	GlobalSection(SolutionConfigurationPlatforms) = preSolution
		Debug|Any CPU = Debug|Any CPU
		Release|Any CPU = Release|Any CPU
	EndGlobalSection
	GlobalSection(ProjectConfigurationPlatforms) = postSolution
		{1352203A-972B-4173-951C-1D5013351B46}.Debug|Any CPU.ActiveCfg = Debug|Any CPU
		{1352203A-972B-4173-951C-1D5013351B46}.Debug|Any CPU.Build.0 = Debug|Any CPU
		{1352203A-972B-4173-951C-1D5013351B46}.Release|Any CPU.ActiveCfg = Release|Any CPU
		{1352203A-972B-4173-951C-1D5013351B46}.Release|Any CPU.Build.0 = Release|Any CPU
		{72A56770-144C-4AB8-975B-1A92FC8A6A4F}.Debug|Any CPU.ActiveCfg = Debug|Any CPU
		{72A56770-144C-4AB8-975B-1A92FC8A6A4F}.Debug|Any CPU.Build.0 = Debug|Any CPU
		{72A56770-144C-4AB8-975B-1A92FC8A6A4F}.Release|Any CPU.ActiveCfg = Release|Any CPU
		{72A56770-144C-4AB8-975B-1A92FC8A6A4F}.Release|Any CPU.Build.0 = Release|Any CPU
	EndGlobalSection
	GlobalSection(SolutionProperties) = preSolution
		HideSolutionNode = FALSE
	EndGlobalSection
	GlobalSection(ExtensibilityGlobals) = postSolution
		SolutionGuid = {BD954CAF-8C63-43D5-9C26-130314C1B08E}
	EndGlobalSection
EndGlobal
