
Microsoft Visual Studio Solution File, Format Version 12.00
# Visual Studio Version 16
VisualStudioVersion = 16.0.28803.156
MinimumVisualStudioVersion = 10.0.40219.1
Project("{8BC9CEB8-8B4A-11D0-8D11-00A0C91BC942}") = "CPPQuickSort", "CPPQuickSort\CPPQuickSort.vcxproj", "{EEBDC0F7-75AA-4615-BDFF-80DADF81CA0D}"
EndProject
Global
	GlobalSection(SolutionConfigurationPlatforms) = preSolution
		Debug|x64 = Debug|x64
		Debug|x86 = Debug|x86
		Release|x64 = Release|x64
		Release|x86 = Release|x86
	EndGlobalSection
	GlobalSection(ProjectConfigurationPlatforms) = postSolution
		{EEBDC0F7-75AA-4615-BDFF-80DADF81CA0D}.Debug|x64.ActiveCfg = Debug|x64
		{EEBDC0F7-75AA-4615-BDFF-80DADF81CA0D}.Debug|x64.Build.0 = Debug|x64
		{EEBDC0F7-75AA-4615-BDFF-80DADF81CA0D}.Debug|x86.ActiveCfg = Debug|Win32
		{EEBDC0F7-75AA-4615-BDFF-80DADF81CA0D}.Debug|x86.Build.0 = Debug|Win32
		{EEBDC0F7-75AA-4615-BDFF-80DADF81CA0D}.Release|x64.ActiveCfg = Release|x64
		{EEBDC0F7-75AA-4615-BDFF-80DADF81CA0D}.Release|x64.Build.0 = Release|x64
		{EEBDC0F7-75AA-4615-BDFF-80DADF81CA0D}.Release|x86.ActiveCfg = Release|Win32
		{EEBDC0F7-75AA-4615-BDFF-80DADF81CA0D}.Release|x86.Build.0 = Release|Win32
	EndGlobalSection
	GlobalSection(SolutionProperties) = preSolution
		HideSolutionNode = FALSE
	EndGlobalSection
	GlobalSection(ExtensibilityGlobals) = postSolution
		SolutionGuid = {7A25E692-44D1-4DCA-BA1B-498316D3E2C8}
	EndGlobalSection
EndGlobal
