
Microsoft Visual Studio Solution File, Format Version 12.00
# Visual Studio Version 16
VisualStudioVersion = 16.0.29509.3
MinimumVisualStudioVersion = 10.0.40219.1
Project("{FAE04EC0-301F-11D3-BF4B-00C04F79EFBC}") = "AVLT", "AVLT\AVLT.csproj", "{BC12311C-84CE-476D-A5EB-2A9FFD64B99B}"
EndProject
Project("{FAE04EC0-301F-11D3-BF4B-00C04F79EFBC}") = "XUnitTestProject1", "XUnitTestProject1\XUnitTestProject1.csproj", "{A27668DF-3403-4085-9944-802B26E659F4}"
EndProject
Global
	GlobalSection(SolutionConfigurationPlatforms) = preSolution
		Debug|Any CPU = Debug|Any CPU
		Release|Any CPU = Release|Any CPU
	EndGlobalSection
	GlobalSection(ProjectConfigurationPlatforms) = postSolution
		{BC12311C-84CE-476D-A5EB-2A9FFD64B99B}.Debug|Any CPU.ActiveCfg = Debug|Any CPU
		{BC12311C-84CE-476D-A5EB-2A9FFD64B99B}.Debug|Any CPU.Build.0 = Debug|Any CPU
		{BC12311C-84CE-476D-A5EB-2A9FFD64B99B}.Release|Any CPU.ActiveCfg = Release|Any CPU
		{BC12311C-84CE-476D-A5EB-2A9FFD64B99B}.Release|Any CPU.Build.0 = Release|Any CPU
		{A27668DF-3403-4085-9944-802B26E659F4}.Debug|Any CPU.ActiveCfg = Debug|Any CPU
		{A27668DF-3403-4085-9944-802B26E659F4}.Debug|Any CPU.Build.0 = Debug|Any CPU
		{A27668DF-3403-4085-9944-802B26E659F4}.Release|Any CPU.ActiveCfg = Release|Any CPU
		{A27668DF-3403-4085-9944-802B26E659F4}.Release|Any CPU.Build.0 = Release|Any CPU
	EndGlobalSection
	GlobalSection(SolutionProperties) = preSolution
		HideSolutionNode = FALSE
	EndGlobalSection
	GlobalSection(ExtensibilityGlobals) = postSolution
		SolutionGuid = {91B192E7-A958-4139-9F39-68254464D324}
	EndGlobalSection
EndGlobal
